<?xml version="1.0" encoding="utf-8"?>
<Project ToolsVersion="4.0" xmlns="http://schemas.microsoft.com/developer/msbuild/2003">
  <ItemGroup>
    <Filter Include="Source Files">
      <UniqueIdentifier>{4FC737F1-C7A5-4376-A066-2A32D752A2FF}</UniqueIdentifier>
      <Extensions>cpp;c;cc;cxx;def;odl;idl;hpj;bat;asm;asmx</Extensions>
    </Filter>
    <Filter Include="Header Files">
      <UniqueIdentifier>{93995380-89BD-4b04-88EB-625FBE52EBFB}</UniqueIdentifier>
      <Extensions>h;hpp;hxx;hm;inl;inc;xsd</Extensions>
    </Filter>
    <Filter Include="Resource Files">
      <UniqueIdentifier>{67DA6AB6-F800-4c08-8B7A-83BB121AAD01}</UniqueIdentifier>
      <Extensions>rc;ico;cur;bmp;dlg;rc2;rct;bin;rgs;gif;jpg;jpeg;jpe;resx;tiff;tif;png;wav;mfcribbon-ms</Extensions>
    </Filter>
    <Filter Include="Header Files\Math">
      <UniqueIdentifier>{e4aaf5ae-132a-4c85-9ab5-a4e801ff573d}</UniqueIdentifier>
    </Filter>
    <Filter Include="Header Files\Game objects">
      <UniqueIdentifier>{6efd57f1-a132-4077-8013-4888c092a807}</UniqueIdentifier>
    </Filter>
    <Filter Include="Header Files\States">
      <UniqueIdentifier>{ad62edc4-a1ee-4753-95bd-9a99df46013b}</UniqueIdentifier>
    </Filter>
    <Filter Include="Source Files\Math">
      <UniqueIdentifier>{c7685bf8-d555-4740-adab-e3dd5998b37a}</UniqueIdentifier>
    </Filter>
    <Filter Include="Source Files\Game objects">
      <UniqueIdentifier>{0a4dbbe4-badf-4d3c-8ead-9e089766983d}</UniqueIdentifier>
    </Filter>
    <Filter Include="Source Files\States">
      <UniqueIdentifier>{ef916754-baa4-40a2-8f1b-7dd080f0942c}</UniqueIdentifier>
    </Filter>
    <Filter Include="Header Files\Windows">
      <UniqueIdentifier>{bb813a10-0761-42fa-8096-01460f471f2f}</UniqueIdentifier>
    </Filter>
    <Filter Include="Source Files\Windows">
      <UniqueIdentifier>{d1f30297-c325-4cc8-b436-cc4caf805348}</UniqueIdentifier>
    </Filter>
    <Filter Include="Source Files\Common">
      <UniqueIdentifier>{3f697421-b515-4040-acb2-378428a1a473}</UniqueIdentifier>
    </Filter>
    <Filter Include="Header Files\tinyxml">
      <UniqueIdentifier>{8d934f15-4f20-475b-9f15-0ac3519b7f6f}</UniqueIdentifier>
    </Filter>
    <Filter Include="Header Files\Tiles">
      <UniqueIdentifier>{fc10d1cf-382e-4ca9-b7fd-4081eec54532}</UniqueIdentifier>
    </Filter>
    <Filter Include="Source Files\Tiles">
      <UniqueIdentifier>{31ac2aaf-9a2f-4436-b0a7-827ca14023e6}</UniqueIdentifier>
    </Filter>
    <Filter Include="Header Files\Stackwalker">
      <UniqueIdentifier>{2bf9e68a-5525-4470-9d93-cafa3b5663e3}</UniqueIdentifier>
    </Filter>
    <Filter Include="Source Files\Game objects\AI">
      <UniqueIdentifier>{c1a3d716-248f-420a-8ae1-237f3e74e638}</UniqueIdentifier>
    </Filter>
    <Filter Include="Header Files\Game objects\AI">
      <UniqueIdentifier>{39a1dc55-046b-457e-8dd3-d84d663b0038}</UniqueIdentifier>
    </Filter>
    <Filter Include="Header Files\Game objects\Items">
      <UniqueIdentifier>{4c8ed87c-c7a8-444f-9577-54e63286094a}</UniqueIdentifier>
    </Filter>
    <Filter Include="Source Files\Game objects\Items">
      <UniqueIdentifier>{c890df20-2b77-440e-8457-51811cdcf5f1}</UniqueIdentifier>
    </Filter>
    <Filter Include="Header Files\Common">
      <UniqueIdentifier>{70cba14c-b3fd-4539-99cc-f439271e645b}</UniqueIdentifier>
    </Filter>
    <Filter Include="Header Files\UI">
      <UniqueIdentifier>{d2733c1a-e901-44ae-a521-34ebfad64b52}</UniqueIdentifier>
    </Filter>
    <Filter Include="Source Files\UI">
      <UniqueIdentifier>{d2998715-0c6e-4417-97b5-d0dd409b7e59}</UniqueIdentifier>
    </Filter>
  </ItemGroup>
  <ItemGroup>
    <ClCompile Include="Game.cpp">
      <Filter>Source Files</Filter>
    </ClCompile>
    <ClCompile Include="Vertex.cpp">
      <Filter>Source Files\Math</Filter>
    </ClCompile>
    <ClCompile Include="Object.cpp">
      <Filter>Source Files\Game objects</Filter>
    </ClCompile>
    <ClCompile Include="PlayState.cpp">
      <Filter>Source Files\States</Filter>
    </ClCompile>
    <ClCompile Include="Player.cpp">
      <Filter>Source Files\Game objects</Filter>
    </ClCompile>
    <ClCompile Include="Math.cpp">
      <Filter>Source Files\Math</Filter>
    </ClCompile>
    <ClCompile Include="cPolygon.cpp">
      <Filter>Source Files\Math</Filter>
    </ClCompile>
    <ClCompile Include="EditorState.cpp">
      <Filter>Source Files\States</Filter>
    </ClCompile>
    <ClCompile Include="Editor.cpp">
      <Filter>Source Files</Filter>
    </ClCompile>
    <ClCompile Include="Structure.cpp">
      <Filter>Source Files\Game objects</Filter>
    </ClCompile>
    <ClCompile Include="Projectile.cpp">
      <Filter>Source Files\Game objects</Filter>
    </ClCompile>
    <ClCompile Include="WindowHandler.cpp">
      <Filter>Source Files\Windows</Filter>
    </ClCompile>
    <ClCompile Include="wMessage.cpp">
      <Filter>Source Files\Windows</Filter>
    </ClCompile>
    <ClCompile Include="wButton.cpp">
      <Filter>Source Files\Windows</Filter>
    </ClCompile>
    <ClCompile Include="wComponent.cpp">
      <Filter>Source Files\Windows</Filter>
    </ClCompile>
    <ClCompile Include="wPanel.cpp">
      <Filter>Source Files\Windows</Filter>
    </ClCompile>
    <ClCompile Include="wDropDown.cpp">
      <Filter>Source Files\Windows</Filter>
    </ClCompile>
    <ClCompile Include="wContainer.cpp">
      <Filter>Source Files\Windows</Filter>
    </ClCompile>
    <ClCompile Include="Menu.cpp">
      <Filter>Source Files\Common</Filter>
    </ClCompile>
    <ClCompile Include="MenuState.cpp">
      <Filter>Source Files\States</Filter>
    </ClCompile>
    <ClCompile Include="Tile.cpp">
      <Filter>Source Files\Tiles</Filter>
    </ClCompile>
    <ClCompile Include="TileHandler.cpp">
      <Filter>Source Files\Tiles</Filter>
    </ClCompile>
    <ClCompile Include="tinyxml\tinystr.cpp">
      <Filter>Header Files\tinyxml</Filter>
    </ClCompile>
    <ClCompile Include="tinyxml\tinyxml.cpp">
      <Filter>Header Files\tinyxml</Filter>
    </ClCompile>
    <ClCompile Include="tinyxml\tinyxmlerror.cpp">
      <Filter>Header Files\tinyxml</Filter>
    </ClCompile>
    <ClCompile Include="tinyxml\tinyxmlparser.cpp">
      <Filter>Header Files\tinyxml</Filter>
    </ClCompile>
    <ClCompile Include="Stackwalker.cpp">
      <Filter>Header Files\Stackwalker</Filter>
    </ClCompile>
    <ClCompile Include="Enemy.cpp">
      <Filter>Source Files\Game objects</Filter>
    </ClCompile>
    <ClCompile Include="AI.cpp">
      <Filter>Source Files\Game objects\AI</Filter>
    </ClCompile>
    <ClCompile Include="Camera.cpp">
      <Filter>Source Files\Common</Filter>
    </ClCompile>
    <ClCompile Include="Runnable.cpp">
      <Filter>Source Files\Common</Filter>
    </ClCompile>
    <ClCompile Include="GfxStats.cpp">
      <Filter>Source Files\Common</Filter>
    </ClCompile>
    <ClCompile Include="CameraManager_b.cpp">
      <Filter>Source Files\Common</Filter>
    </ClCompile>
    <ClCompile Include="Input.cpp">
      <Filter>Source Files\Common</Filter>
    </ClCompile>
    <ClCompile Include="Graphics.cpp">
      <Filter>Source Files\Common</Filter>
    </ClCompile>
    <ClCompile Include="Font.cpp">
      <Filter>Source Files\Common</Filter>
    </ClCompile>
    <ClCompile Include="Level.cpp">
      <Filter>Source Files</Filter>
    </ClCompile>
    <ClCompile Include="Animation.cpp">
      <Filter>Source Files\Common</Filter>
    </ClCompile>
    <ClCompile Include="ItemHandler.cpp">
      <Filter>Source Files</Filter>
    </ClCompile>
    <ClCompile Include="Item.cpp">
      <Filter>Source Files</Filter>
    </ClCompile>
    <ClCompile Include="Loot.cpp">
      <Filter>Source Files\Game objects</Filter>
    </ClCompile>
    <ClCompile Include="Gold.cpp">
      <Filter>Source Files\Game objects</Filter>
    </ClCompile>
    <ClCompile Include="Skill.cpp">
      <Filter>Source Files</Filter>
    </ClCompile>
    <ClCompile Include="Gui.cpp">
      <Filter>Source Files\UI</Filter>
    </ClCompile>
    <ClCompile Include="Inventory.cpp">
      <Filter>Source Files\UI</Filter>
    </ClCompile>
    <ClCompile Include="SlotItem.cpp">
      <Filter>Source Files\UI</Filter>
    </ClCompile>
    <ClCompile Include="Container.cpp">
      <Filter>Source Files\UI</Filter>
    </ClCompile>
    <ClCompile Include="Collision.cpp">
      <Filter>Source Files\Math</Filter>
    </ClCompile>
    <ClCompile Include="Region.cpp">
      <Filter>Source Files\Game objects</Filter>
    </ClCompile>
    <ClCompile Include="Scrap.cpp">
      <Filter>Source Files</Filter>
    </ClCompile>
  </ItemGroup>
  <ItemGroup>
    <ClInclude Include="d3dUtil.h">
      <Filter>Header Files</Filter>
    </ClInclude>
    <ClInclude Include="Game.h">
      <Filter>Header Files</Filter>
    </ClInclude>
    <ClInclude Include="Vertex.h">
      <Filter>Header Files\Math</Filter>
    </ClInclude>
    <ClInclude Include="Rect.h">
      <Filter>Header Files\Math</Filter>
    </ClInclude>
    <ClInclude Include="GameState.h">
      <Filter>Header Files\States</Filter>
    </ClInclude>
    <ClInclude Include="PlayState.h">
      <Filter>Header Files\States</Filter>
    </ClInclude>
    <ClInclude Include="Player.h">
      <Filter>Header Files\Game objects</Filter>
    </ClInclude>
    <ClInclude Include="Object.h">
      <Filter>Header Files\Game objects</Filter>
    </ClInclude>
    <ClInclude Include="Math.h">
      <Filter>Header Files\Math</Filter>
    </ClInclude>
    <ClInclude Include="Vector.h">
      <Filter>Header Files\Math</Filter>
    </ClInclude>
    <ClInclude Include="cPolygon.h">
      <Filter>Header Files\Math</Filter>
    </ClInclude>
    <ClInclude Include="EditorState.h">
      <Filter>Header Files\States</Filter>
    </ClInclude>
    <ClInclude Include="Editor.h">
      <Filter>Header Files</Filter>
    </ClInclude>
    <ClInclude Include="Structure.h">
      <Filter>Header Files\Game objects</Filter>
    </ClInclude>
    <ClInclude Include="Projectile.h">
      <Filter>Header Files\Game objects</Filter>
    </ClInclude>
    <ClInclude Include="WindowHandler.h">
      <Filter>Header Files\Windows</Filter>
    </ClInclude>
    <ClInclude Include="Collision.h">
      <Filter>Header Files\Math</Filter>
    </ClInclude>
    <ClInclude Include="wButton.h">
      <Filter>Header Files\Windows</Filter>
    </ClInclude>
    <ClInclude Include="wComponent.h">
      <Filter>Header Files\Windows</Filter>
    </ClInclude>
    <ClInclude Include="wMessage.h">
      <Filter>Header Files\Windows</Filter>
    </ClInclude>
    <ClInclude Include="enums.h">
      <Filter>Header Files</Filter>
    </ClInclude>
    <ClInclude Include="wPanel.h">
      <Filter>Header Files\Windows</Filter>
    </ClInclude>
    <ClInclude Include="wDropDown.h">
      <Filter>Header Files\Windows</Filter>
    </ClInclude>
    <ClInclude Include="wContainer.h">
      <Filter>Header Files\Windows</Filter>
    </ClInclude>
    <ClInclude Include="Menu.h">
      <Filter>Header Files\Common</Filter>
    </ClInclude>
    <ClInclude Include="MenuState.h">
      <Filter>Header Files\States</Filter>
    </ClInclude>
    <ClInclude Include="Tile.h">
      <Filter>Header Files\Tiles</Filter>
    </ClInclude>
    <ClInclude Include="TileHandler.h">
      <Filter>Header Files\Tiles</Filter>
    </ClInclude>
    <ClInclude Include="tinyxml\tinystr.h">
      <Filter>Header Files\tinyxml</Filter>
    </ClInclude>
    <ClInclude Include="tinyxml\tinyxml.h">
      <Filter>Header Files\tinyxml</Filter>
    </ClInclude>
    <ClInclude Include="Stackwalker.h">
      <Filter>Header Files\Stackwalker</Filter>
    </ClInclude>
    <ClInclude Include="Enemy.h">
      <Filter>Header Files\Game objects</Filter>
    </ClInclude>
    <ClInclude Include="AI.h">
      <Filter>Header Files\Game objects\AI</Filter>
    </ClInclude>
    <ClInclude Include="Camera.h">
      <Filter>Header Files\Common</Filter>
    </ClInclude>
    <ClInclude Include="Runnable.h">
      <Filter>Header Files\Common</Filter>
    </ClInclude>
    <ClInclude Include="GfxStats.h">
      <Filter>Header Files\Common</Filter>
    </ClInclude>
    <ClInclude Include="Graphics.h">
      <Filter>Header Files\Common</Filter>
    </ClInclude>
    <ClInclude Include="CameraManager_b.h">
      <Filter>Header Files\Common</Filter>
    </ClInclude>
    <ClInclude Include="Input.h">
      <Filter>Header Files\Common</Filter>
    </ClInclude>
    <ClInclude Include="Font.h">
      <Filter>Header Files\Common</Filter>
    </ClInclude>
    <ClInclude Include="Level.h">
      <Filter>Header Files</Filter>
    </ClInclude>
    <ClInclude Include="Animation.h">
      <Filter>Header Files\Common</Filter>
    </ClInclude>
    <ClInclude Include="ItemHandler.h">
      <Filter>Header Files</Filter>
    </ClInclude>
    <ClInclude Include="Item.h">
      <Filter>Header Files</Filter>
    </ClInclude>
    <ClInclude Include="Loot.h">
      <Filter>Header Files\Game objects</Filter>
    </ClInclude>
    <ClInclude Include="Gold.h">
      <Filter>Header Files\Game objects</Filter>
    </ClInclude>
    <ClInclude Include="Skill.h">
      <Filter>Header Files</Filter>
    </ClInclude>
    <ClInclude Include="Gui.h">
      <Filter>Header Files\UI</Filter>
    </ClInclude>
    <ClInclude Include="Inventory.h">
      <Filter>Header Files\UI</Filter>
    </ClInclude>
    <ClInclude Include="SlotItem.h">
      <Filter>Header Files\UI</Filter>
    </ClInclude>
    <ClInclude Include="Container.h">
      <Filter>Header Files\UI</Filter>
    </ClInclude>
    <ClInclude Include="Region.h">
      <Filter>Header Files\Game objects</Filter>
    </ClInclude>
    <ClInclude Include="Scrap.h">
      <Filter>Header Files</Filter>
    </ClInclude>
  </ItemGroup>
  <ItemGroup>
    <None Include="font_effect.fx">
      <Filter>Header Files\Common</Filter>
    </None>
    <None Include="level.xml">
      <Filter>Resource Files</Filter>
    </None>
    <None Include="tiles.xml">
      <Filter>Resource Files</Filter>
    </None>
    <None Include="items.xml">
      <Filter>Resource Files</Filter>
    </None>
    <None Include="enemies.xml">
      <Filter>Resource Files</Filter>
    </None>
  </ItemGroup>
</Project>